#
# This file is autogenerated by pip-compile with Python 3.13
# by the following command:
#
#    pip-compile --all-extras --allow-unsafe --no-index --output-file=requirements.lock --strip-extras pyproject.toml
#
ast-serialize==0.9.0
    # via mypy
build==1.6.0
    # via
    #   fxreport (pyproject.toml)
    #   pip-tools
certifi==2026.7.22
    # via requests
charset-normalizer==3.5.1
    # via requests
click==8.5.0
    # via pip-tools
colorama==0.4.6
    # via
    #   build
    #   pytest
idna==3.19
    # via requests
iniconfig==2.3.0
    # via pytest
librt==0.15.0
    # via mypy
mypy==2.3.1
    # via fxreport (pyproject.toml)
mypy-extensions==1.1.0
    # via mypy
packaging==26.3
    # via
    #   build
    #   pytest
    #   wheel
pathspec==1.1.1
    # via mypy
pip-tools==7.6.1
    # via fxreport (pyproject.toml)
pluggy==1.6.0
    # via pytest
pygments==2.21.0
    # via pytest
pyproject-hooks==1.2.0
    # via
    #   build
    #   pip-tools
pytest==9.1.1
    # via fxreport (pyproject.toml)
requests==2.34.2
    # via fxreport (pyproject.toml)
ruff==0.16.5
    # via fxreport (pyproject.toml)
types-requests==2.33.0.20260712
    # via fxreport (pyproject.toml)
typing-extensions==4.16.0
    # via mypy
urllib3==2.7.0
    # via
    #   requests
    #   types-requests
wheel==0.48.0
    # via pip-tools

# The following packages are considered to be unsafe in a requirements file:
pip==26.2.1
    # via pip-tools
setuptools==84.0.0
    # via pip-tools
